
Microsoft Visual Studio Solution File, Format Version 12.00
# Visual Studio Version 16
VisualStudioVersion = 16.0.30320.27
MinimumVisualStudioVersion = 10.0.40219.1
Project("{FAE04EC0-301F-11D3-BF4B-00C04F79EFBC}") = "FinanceVisualization", "FinanceVisualization\FinanceVisualization.csproj", "{6A3068FE-8185-441B-93EC-BADACE34CF42}"
EndProject
Global
	GlobalSection(SolutionConfigurationPlatforms) = preSolution
		Debug|Any CPU = Debug|Any CPU
		Release|Any CPU = Release|Any CPU
	EndGlobalSection
	GlobalSection(ProjectConfigurationPlatforms) = postSolution
		{6A3068FE-8185-441B-93EC-BADACE34CF42}.Debug|Any CPU.ActiveCfg = Debug|Any CPU
		{6A3068FE-8185-441B-93EC-BADACE34CF42}.Debug|Any CPU.Build.0 = Debug|Any CPU
		{6A3068FE-8185-441B-93EC-BADACE34CF42}.Release|Any CPU.ActiveCfg = Release|Any CPU
		{6A3068FE-8185-441B-93EC-BADACE34CF42}.Release|Any CPU.Build.0 = Release|Any CPU
	EndGlobalSection
	GlobalSection(SolutionProperties) = preSolution
		HideSolutionNode = FALSE
	EndGlobalSection
	GlobalSection(ExtensibilityGlobals) = postSolution
		SolutionGuid = {12C52533-BCC0-474C-8113-9C8C2A7A9156}
	EndGlobalSection
EndGlobal
